
Microsoft Visual Studio Solution File, Format Version 12.00
# Visual Studio 15
VisualStudioVersion = 15.0.28307.1525
MinimumVisualStudioVersion = 10.0.40219.1
Project("{FAE04EC0-301F-11D3-BF4B-00C04F79EFBC}") = "IncidentesAPI", "IncidentesAPI\IncidentesAPI.csproj", "{726BBE20-DEC2-4806-AD46-0870F3CF08B2}"
EndProject
Global
	GlobalSection(SolutionConfigurationPlatforms) = preSolution
		Debug|Any CPU = Debug|Any CPU
		Release|Any CPU = Release|Any CPU
	EndGlobalSection
	GlobalSection(ProjectConfigurationPlatforms) = postSolution
		{726BBE20-DEC2-4806-AD46-0870F3CF08B2}.Debug|Any CPU.ActiveCfg = Debug|Any CPU
		{726BBE20-DEC2-4806-AD46-0870F3CF08B2}.Debug|Any CPU.Build.0 = Debug|Any CPU
		{726BBE20-DEC2-4806-AD46-0870F3CF08B2}.Release|Any CPU.ActiveCfg = Release|Any CPU
		{726BBE20-DEC2-4806-AD46-0870F3CF08B2}.Release|Any CPU.Build.0 = Release|Any CPU
	EndGlobalSection
	GlobalSection(SolutionProperties) = preSolution
		HideSolutionNode = FALSE
	EndGlobalSection
	GlobalSection(ExtensibilityGlobals) = postSolution
		SolutionGuid = {E9A772CC-222F-4925-848A-32A896C0A6FC}
	EndGlobalSection
EndGlobal
